%{
  "ex_aws": {:hex, :ex_aws, "2.1.4", "b477641fd354352c9e9ef2c986c1276bc3cc4ae43093065630699a8eea1d96cc", [:mix], [{:configparser_ex, "~> 4.0", [hex: :configparser_ex, repo: "hexpm", optional: true]}, {:hackney, "~> 1.9", [hex: :hackney, repo: "hexpm", optional: true]}, {:jason, "~> 1.1", [hex: :jason, repo: "hexpm", optional: true]}, {:jsx, "~> 2.8", [hex: :jsx, repo: "hexpm", optional: true]}, {:sweet_xml, "~> 0.6", [hex: :sweet_xml, repo: "hexpm", optional: true]}], "hexpm", "18eae0065c3e13721d26828da793925814eba93abcd44a4a8e6f72b9e78382b9"},
}
